// !$*UTF8*$!
{
	archiveVersion = 1;
	classes = {
	};
	objectVersion = 50;
	objects = {

/* Begin PBXBuildFile section */
		6E7B3296238AA47E001A4C58 /* AppDelegate.swift in Sources */ = {isa = PBXBuildFile; fileRef = 6E7B3295238AA47E001A4C58 /* AppDelegate.swift */; };
		6E7B3298238AA47E001A4C58 /* SceneDelegate.swift in Sources */ = {isa = PBXBuildFile; fileRef = 6E7B3297238AA47E001A4C58 /* SceneDelegate.swift */; };
		6E7B329D238AA47E001A4C58 /* Main.storyboard in Resources */ = {isa = PBXBuildFile; fileRef = 6E7B329B238AA47E001A4C58 /* Main.storyboard */; };
		6E7B329F238AA484001A4C58 /* Assets.xcassets in Resources */ = {isa = PBXBuildFile; fileRef = 6E7B329E238AA484001A4C58 /* Assets.xcassets */; };
		6E7B32A2238AA485001A4C58 /* LaunchScreen.storyboard in Resources */ = {isa = PBXBuildFile; fileRef = 6E7B32A0238AA485001A4C58 /* LaunchScreen.storyboard */; };
		6E7B32AE238AA561001A4C58 /* MainViewController.swift in Sources */ = {isa = PBXBuildFile; fileRef = 6E7B32AD238AA561001A4C58 /* MainViewController.swift */; };
		6E7B32B0238AA573001A4C58 /* MainPresenter.swift in Sources */ = {isa = PBXBuildFile; fileRef = 6E7B32AF238AA573001A4C58 /* MainPresenter.swift */; };
		6E7B32B2238AA589001A4C58 /* MainRouter.swift in Sources */ = {isa = PBXBuildFile; fileRef = 6E7B32B1238AA589001A4C58 /* MainRouter.swift */; };
		6E7B32B4238AA598001A4C58 /* MainInteracrot.swift in Sources */ = {isa = PBXBuildFile; fileRef = 6E7B32B3238AA598001A4C58 /* MainInteracrot.swift */; };
		6E7B32B6238AA5A3001A4C58 /* MainConfigurator.swift in Sources */ = {isa = PBXBuildFile; fileRef = 6E7B32B5238AA5A3001A4C58 /* MainConfigurator.swift */; };
		6E7B32B8238AA5B2001A4C58 /* MainProtocol.swift in Sources */ = {isa = PBXBuildFile; fileRef = 6E7B32B7238AA5B2001A4C58 /* MainProtocol.swift */; };
		6E7B32BA238AA5C7001A4C58 /* AboutViewController.swift in Sources */ = {isa = PBXBuildFile; fileRef = 6E7B32B9238AA5C7001A4C58 /* AboutViewController.swift */; };
		6E7B32BC238AA5D5001A4C58 /* AboutPresenter.swift in Sources */ = {isa = PBXBuildFile; fileRef = 6E7B32BB238AA5D5001A4C58 /* AboutPresenter.swift */; };
		6E7B32BE238AA5E2001A4C58 /* AboutRouter.swift in Sources */ = {isa = PBXBuildFile; fileRef = 6E7B32BD238AA5E2001A4C58 /* AboutRouter.swift */; };
		6E7B32C0238AA5F0001A4C58 /* AboutInteractor.swift in Sources */ = {isa = PBXBuildFile; fileRef = 6E7B32BF238AA5F0001A4C58 /* AboutInteractor.swift */; };
		6E7B32C2238AA5FC001A4C58 /* AboutConfigurator.swift in Sources */ = {isa = PBXBuildFile; fileRef = 6E7B32C1238AA5FC001A4C58 /* AboutConfigurator.swift */; };
		6E7B32C4238AA606001A4C58 /* AboutProtocol.swift in Sources */ = {isa = PBXBuildFile; fileRef = 6E7B32C3238AA606001A4C58 /* AboutProtocol.swift */; };
/* End PBXBuildFile section */

/* Begin PBXFileReference section */
		6E7B3292238AA47E001A4C58 /* TestViperLogin.app */ = {isa = PBXFileReference; explicitFileType = wrapper.application; includeInIndex = 0; path = TestViperLogin.app; sourceTree = BUILT_PRODUCTS_DIR; };
		6E7B3295238AA47E001A4C58 /* AppDelegate.swift */ = {isa = PBXFileReference; lastKnownFileType = sourcecode.swift; path = AppDelegate.swift; sourceTree = "<group>"; };
		6E7B3297238AA47E001A4C58 /* SceneDelegate.swift */ = {isa = PBXFileReference; lastKnownFileType = sourcecode.swift; path = SceneDelegate.swift; sourceTree = "<group>"; };
		6E7B329C238AA47E001A4C58 /* Base */ = {isa = PBXFileReference; lastKnownFileType = file.storyboard; name = Base; path = Base.lproj/Main.storyboard; sourceTree = "<group>"; };
		6E7B329E238AA484001A4C58 /* Assets.xcassets */ = {isa = PBXFileReference; lastKnownFileType = folder.assetcatalog; path = Assets.xcassets; sourceTree = "<group>"; };
		6E7B32A1238AA485001A4C58 /* Base */ = {isa = PBXFileReference; lastKnownFileType = file.storyboard; name = Base; path = Base.lproj/LaunchScreen.storyboard; sourceTree = "<group>"; };
		6E7B32A3238AA485001A4C58 /* Info.plist */ = {isa = PBXFileReference; lastKnownFileType = text.plist.xml; path = Info.plist; sourceTree = "<group>"; };
		6E7B32AD238AA561001A4C58 /* MainViewController.swift */ = {isa = PBXFileReference; lastKnownFileType = sourcecode.swift; path = MainViewController.swift; sourceTree = "<group>"; };
		6E7B32AF238AA573001A4C58 /* MainPresenter.swift */ = {isa = PBXFileReference; lastKnownFileType = sourcecode.swift; path = MainPresenter.swift; sourceTree = "<group>"; };
		6E7B32B1238AA589001A4C58 /* MainRouter.swift */ = {isa = PBXFileReference; lastKnownFileType = sourcecode.swift; path = MainRouter.swift; sourceTree = "<group>"; };
		6E7B32B3238AA598001A4C58 /* MainInteracrot.swift */ = {isa = PBXFileReference; lastKnownFileType = sourcecode.swift; path = MainInteracrot.swift; sourceTree = "<group>"; };
		6E7B32B5238AA5A3001A4C58 /* MainConfigurator.swift */ = {isa = PBXFileReference; lastKnownFileType = sourcecode.swift; path = MainConfigurator.swift; sourceTree = "<group>"; };
		6E7B32B7238AA5B2001A4C58 /* MainProtocol.swift */ = {isa = PBXFileReference; lastKnownFileType = sourcecode.swift; path = MainProtocol.swift; sourceTree = "<group>"; };
		6E7B32B9238AA5C7001A4C58 /* AboutViewController.swift */ = {isa = PBXFileReference; lastKnownFileType = sourcecode.swift; path = AboutViewController.swift; sourceTree = "<group>"; };
		6E7B32BB238AA5D5001A4C58 /* AboutPresenter.swift */ = {isa = PBXFileReference; lastKnownFileType = sourcecode.swift; path = AboutPresenter.swift; sourceTree = "<group>"; };
		6E7B32BD238AA5E2001A4C58 /* AboutRouter.swift */ = {isa = PBXFileReference; lastKnownFileType = sourcecode.swift; path = AboutRouter.swift; sourceTree = "<group>"; };
		6E7B32BF238AA5F0001A4C58 /* AboutInteractor.swift */ = {isa = PBXFileReference; lastKnownFileType = sourcecode.swift; path = AboutInteractor.swift; sourceTree = "<group>"; };
		6E7B32C1238AA5FC001A4C58 /* AboutConfigurator.swift */ = {isa = PBXFileReference; lastKnownFileType = sourcecode.swift; path = AboutConfigurator.swift; sourceTree = "<group>"; };
		6E7B32C3238AA606001A4C58 /* AboutProtocol.swift */ = {isa = PBXFileReference; lastKnownFileType = sourcecode.swift; path = AboutProtocol.swift; sourceTree = "<group>"; };
/* End PBXFileReference section */

/* Begin PBXFrameworksBuildPhase section */
		6E7B328F238AA47E001A4C58 /* Frameworks */ = {
			isa = PBXFrameworksBuildPhase;
			buildActionMask = 2147483647;
			files = (
			);
			runOnlyForDeploymentPostprocessing = 0;
		};
/* End PBXFrameworksBuildPhase section */

/* Begin PBXGroup section */
		6E7B3289238AA47E001A4C58 = {
			isa = PBXGroup;
			children = (
				6E7B3294238AA47E001A4C58 /* TestViperLogin */,
				6E7B3293238AA47E001A4C58 /* Products */,
			);
			sourceTree = "<group>";
		};
		6E7B3293238AA47E001A4C58 /* Products */ = {
			isa = PBXGroup;
			children = (
				6E7B3292238AA47E001A4C58 /* TestViperLogin.app */,
			);
			name = Products;
			sourceTree = "<group>";
		};
		6E7B3294238AA47E001A4C58 /* TestViperLogin */ = {
			isa = PBXGroup;
			children = (
				6E7B32A9238AA4DB001A4C58 /* Modules */,
				6E7B3295238AA47E001A4C58 /* AppDelegate.swift */,
				6E7B3297238AA47E001A4C58 /* SceneDelegate.swift */,
				6E7B32C5238AA61E001A4C58 /* Storyboard */,
				6E7B329E238AA484001A4C58 /* Assets.xcassets */,
				6E7B32A3238AA485001A4C58 /* Info.plist */,
			);
			path = TestViperLogin;
			sourceTree = "<group>";
		};
		6E7B32A9238AA4DB001A4C58 /* Modules */ = {
			isa = PBXGroup;
			children = (
				6E7B32AC238AA53C001A4C58 /* About */,
				6E7B32AA238AA4E7001A4C58 /* Main */,
			);
			path = Modules;
			sourceTree = "<group>";
		};
		6E7B32AA238AA4E7001A4C58 /* Main */ = {
			isa = PBXGroup;
			children = (
				6E7B32AD238AA561001A4C58 /* MainViewController.swift */,
				6E7B32AF238AA573001A4C58 /* MainPresenter.swift */,
				6E7B32B1238AA589001A4C58 /* MainRouter.swift */,
				6E7B32B3238AA598001A4C58 /* MainInteracrot.swift */,
				6E7B32B5238AA5A3001A4C58 /* MainConfigurator.swift */,
				6E7B32B7238AA5B2001A4C58 /* MainProtocol.swift */,
			);
			path = Main;
			sourceTree = "<group>";
		};
		6E7B32AC238AA53C001A4C58 /* About */ = {
			isa = PBXGroup;
			children = (
				6E7B32B9238AA5C7001A4C58 /* AboutViewController.swift */,
				6E7B32BB238AA5D5001A4C58 /* AboutPresenter.swift */,
				6E7B32BD238AA5E2001A4C58 /* AboutRouter.swift */,
				6E7B32BF238AA5F0001A4C58 /* AboutInteractor.swift */,
				6E7B32C1238AA5FC001A4C58 /* AboutConfigurator.swift */,
				6E7B32C3238AA606001A4C58 /* AboutProtocol.swift */,
			);
			path = About;
			sourceTree = "<group>";
		};
		6E7B32C5238AA61E001A4C58 /* Storyboard */ = {
			isa = PBXGroup;
			children = (
				6E7B329B238AA47E001A4C58 /* Main.storyboard */,
				6E7B32A0238AA485001A4C58 /* LaunchScreen.storyboard */,
			);
			path = Storyboard;
			sourceTree = "<group>";
		};
/* End PBXGroup section */

/* Begin PBXNativeTarget section */
		6E7B3291238AA47E001A4C58 /* TestViperLogin */ = {
			isa = PBXNativeTarget;
			buildConfigurationList = 6E7B32A6238AA485001A4C58 /* Build configuration list for PBXNativeTarget "TestViperLogin" */;
			buildPhases = (
				6E7B328E238AA47E001A4C58 /* Sources */,
				6E7B328F238AA47E001A4C58 /* Frameworks */,
				6E7B3290238AA47E001A4C58 /* Resources */,
			);
			buildRules = (
			);
			dependencies = (
			);
			name = TestViperLogin;
			productName = TestViperLogin;
			productReference = 6E7B3292238AA47E001A4C58 /* TestViperLogin.app */;
			productType = "com.apple.product-type.application";
		};
/* End PBXNativeTarget section */

/* Begin PBXProject section */
		6E7B328A238AA47E001A4C58 /* Project object */ = {
			isa = PBXProject;
			attributes = {
				LastSwiftUpdateCheck = 1100;
				LastUpgradeCheck = 1100;
				ORGANIZATIONNAME = "Дмитрий Ага";
				TargetAttributes = {
					6E7B3291238AA47E001A4C58 = {
						CreatedOnToolsVersion = 11.0;
					};
				};
			};
			buildConfigurationList = 6E7B328D238AA47E001A4C58 /* Build configuration list for PBXProject "TestViperLogin" */;
			compatibilityVersion = "Xcode 9.3";
			developmentRegion = en;
			hasScannedForEncodings = 0;
			knownRegions = (
				en,
				Base,
			);
			mainGroup = 6E7B3289238AA47E001A4C58;
			productRefGroup = 6E7B3293238AA47E001A4C58 /* Products */;
			projectDirPath = "";
			projectRoot = "";
			targets = (
				6E7B3291238AA47E001A4C58 /* TestViperLogin */,
			);
		};
/* End PBXProject section */

/* Begin PBXResourcesBuildPhase section */
		6E7B3290238AA47E001A4C58 /* Resources */ = {
			isa = PBXResourcesBuildPhase;
			buildActionMask = 2147483647;
			files = (
				6E7B32A2238AA485001A4C58 /* LaunchScreen.storyboard in Resources */,
				6E7B329F238AA484001A4C58 /* Assets.xcassets in Resources */,
				6E7B329D238AA47E001A4C58 /* Main.storyboard in Resources */,
			);
			runOnlyForDeploymentPostprocessing = 0;
		};
/* End PBXResourcesBuildPhase section */

/* Begin PBXSourcesBuildPhase section */
		6E7B328E238AA47E001A4C58 /* Sources */ = {
			isa = PBXSourcesBuildPhase;
			buildActionMask = 2147483647;
			files = (
				6E7B32B0238AA573001A4C58 /* MainPresenter.swift in Sources */,
				6E7B32B6238AA5A3001A4C58 /* MainConfigurator.swift in Sources */,
				6E7B32B8238AA5B2001A4C58 /* MainProtocol.swift in Sources */,
				6E7B32BC238AA5D5001A4C58 /* AboutPresenter.swift in Sources */,
				6E7B32BE238AA5E2001A4C58 /* AboutRouter.swift in Sources */,
				6E7B32C4238AA606001A4C58 /* AboutProtocol.swift in Sources */,
				6E7B32C0238AA5F0001A4C58 /* AboutInteractor.swift in Sources */,
				6E7B32B4238AA598001A4C58 /* MainInteracrot.swift in Sources */,
				6E7B3296238AA47E001A4C58 /* AppDelegate.swift in Sources */,
				6E7B3298238AA47E001A4C58 /* SceneDelegate.swift in Sources */,
				6E7B32AE238AA561001A4C58 /* MainViewController.swift in Sources */,
				6E7B32BA238AA5C7001A4C58 /* AboutViewController.swift in Sources */,
				6E7B32C2238AA5FC001A4C58 /* AboutConfigurator.swift in Sources */,
				6E7B32B2238AA589001A4C58 /* MainRouter.swift in Sources */,
			);
			runOnlyForDeploymentPostprocessing = 0;
		};
/* End PBXSourcesBuildPhase section */

/* Begin PBXVariantGroup section */
		6E7B329B238AA47E001A4C58 /* Main.storyboard */ = {
			isa = PBXVariantGroup;
			children = (
				6E7B329C238AA47E001A4C58 /* Base */,
			);
			name = Main.storyboard;
			sourceTree = "<group>";
		};
		6E7B32A0238AA485001A4C58 /* LaunchScreen.storyboard */ = {
			isa = PBXVariantGroup;
			children = (
				6E7B32A1238AA485001A4C58 /* Base */,
			);
			name = LaunchScreen.storyboard;
			sourceTree = "<group>";
		};
/* End PBXVariantGroup section */

/* Begin XCBuildConfiguration section */
		6E7B32A4238AA485001A4C58 /* Debug */ = {
			isa = XCBuildConfiguration;
			buildSettings = {
				ALWAYS_SEARCH_USER_PATHS = NO;
				CLANG_ANALYZER_NONNULL = YES;
				CLANG_ANALYZER_NUMBER_OBJECT_CONVERSION = YES_AGGRESSIVE;
				CLANG_CXX_LANGUAGE_STANDARD = "gnu++14";
				CLANG_CXX_LIBRARY = "libc++";
				CLANG_ENABLE_MODULES = YES;
				CLANG_ENABLE_OBJC_ARC = YES;
				CLANG_ENABLE_OBJC_WEAK = YES;
				CLANG_WARN_BLOCK_CAPTURE_AUTORELEASING = YES;
				CLANG_WARN_BOOL_CONVERSION = YES;
				CLANG_WARN_COMMA = YES;
				CLANG_WARN_CONSTANT_CONVERSION = YES;
				CLANG_WARN_DEPRECATED_OBJC_IMPLEMENTATIONS = YES;
				CLANG_WARN_DIRECT_OBJC_ISA_USAGE = YES_ERROR;
				CLANG_WARN_DOCUMENTATION_COMMENTS = YES;
				CLANG_WARN_EMPTY_BODY = YES;
				CLANG_WARN_ENUM_CONVERSION = YES;
				CLANG_WARN_INFINITE_RECURSION = YES;
				CLANG_WARN_INT_CONVERSION = YES;
				CLANG_WARN_NON_LITERAL_NULL_CONVERSION = YES;
				CLANG_WARN_OBJC_IMPLICIT_RETAIN_SELF = YES;
				CLANG_WARN_OBJC_LITERAL_CONVERSION = YES;
				CLANG_WARN_OBJC_ROOT_CLASS = YES_ERROR;
				CLANG_WARN_RANGE_LOOP_ANALYSIS = YES;
				CLANG_WARN_STRICT_PROTOTYPES = YES;
				CLANG_WARN_SUSPICIOUS_MOVE = YES;
				CLANG_WARN_UNGUARDED_AVAILABILITY = YES_AGGRESSIVE;
				CLANG_WARN_UNREACHABLE_CODE = YES;
				CLANG_WARN__DUPLICATE_METHOD_MATCH = YES;
				COPY_PHASE_STRIP = NO;
				DEBUG_INFORMATION_FORMAT = dwarf;
				ENABLE_STRICT_OBJC_MSGSEND = YES;
				ENABLE_TESTABILITY = YES;
				GCC_C_LANGUAGE_STANDARD = gnu11;
				GCC_DYNAMIC_NO_PIC = NO;
				GCC_NO_COMMON_BLOCKS = YES;
				GCC_OPTIMIZATION_LEVEL = 0;
				GCC_PREPROCESSOR_DEFINITIONS = (
					"DEBUG=1",
					"$(inherited)",
				);
				GCC_WARN_64_TO_32_BIT_CONVERSION = YES;
				GCC_WARN_ABOUT_RETURN_TYPE = YES_ERROR;
				GCC_WARN_UNDECLARED_SELECTOR = YES;
				GCC_WARN_UNINITIALIZED_AUTOS = YES_AGGRESSIVE;
				GCC_WARN_UNUSED_FUNCTION = YES;
				GCC_WARN_UNUSED_VARIABLE = YES;
				IPHONEOS_DEPLOYMENT_TARGET = 13.0;
				MTL_ENABLE_DEBUG_INFO = INCLUDE_SOURCE;
				MTL_FAST_MATH = YES;
				ONLY_ACTIVE_ARCH = YES;
				SDKROOT = iphoneos;
				SWIFT_ACTIVE_COMPILATION_CONDITIONS = DEBUG;
				SWIFT_OPTIMIZATION_LEVEL = "-Onone";
			};
			name = Debug;
		};
		6E7B32A5238AA485001A4C58 /* Release */ = {
			isa = XCBuildConfiguration;
			buildSettings = {
				ALWAYS_SEARCH_USER_PATHS = NO;
				CLANG_ANALYZER_NONNULL = YES;
				CLANG_ANALYZER_NUMBER_OBJECT_CONVERSION = YES_AGGRESSIVE;
				CLANG_CXX_LANGUAGE_STANDARD = "gnu++14";
				CLANG_CXX_LIBRARY = "libc++";
				CLANG_ENABLE_MODULES = YES;
				CLANG_ENABLE_OBJC_ARC = YES;
				CLANG_ENABLE_OBJC_WEAK = YES;
				CLANG_WARN_BLOCK_CAPTURE_AUTORELEASING = YES;
				CLANG_WARN_BOOL_CONVERSION = YES;
				CLANG_WARN_COMMA = YES;
				CLANG_WARN_CONSTANT_CONVERSION = YES;
				CLANG_WARN_DEPRECATED_OBJC_IMPLEMENTATIONS = YES;
				CLANG_WARN_DIRECT_OBJC_ISA_USAGE = YES_ERROR;
				CLANG_WARN_DOCUMENTATION_COMMENTS = YES;
				CLANG_WARN_EMPTY_BODY = YES;
				CLANG_WARN_ENUM_CONVERSION = YES;
				CLANG_WARN_INFINITE_RECURSION = YES;
				CLANG_WARN_INT_CONVERSION = YES;
				CLANG_WARN_NON_LITERAL_NULL_CONVERSION = YES;
				CLANG_WARN_OBJC_IMPLICIT_RETAIN_SELF = YES;
				CLANG_WARN_OBJC_LITERAL_CONVERSION = YES;
				CLANG_WARN_OBJC_ROOT_CLASS = YES_ERROR;
				CLANG_WARN_RANGE_LOOP_ANALYSIS = YES;
				CLANG_WARN_STRICT_PROTOTYPES = YES;
				CLANG_WARN_SUSPICIOUS_MOVE = YES;
				CLANG_WARN_UNGUARDED_AVAILABILITY = YES_AGGRESSIVE;
				CLANG_WARN_UNREACHABLE_CODE = YES;
				CLANG_WARN__DUPLICATE_METHOD_MATCH = YES;
				COPY_PHASE_STRIP = NO;
				DEBUG_INFORMATION_FORMAT = "dwarf-with-dsym";
				ENABLE_NS_ASSERTIONS = NO;
				ENABLE_STRICT_OBJC_MSGSEND = YES;
				GCC_C_LANGUAGE_STANDARD = gnu11;
				GCC_NO_COMMON_BLOCKS = YES;
				GCC_WARN_64_TO_32_BIT_CONVERSION = YES;
				GCC_WARN_ABOUT_RETURN_TYPE = YES_ERROR;
				GCC_WARN_UNDECLARED_SELECTOR = YES;
				GCC_WARN_UNINITIALIZED_AUTOS = YES_AGGRESSIVE;
				GCC_WARN_UNUSED_FUNCTION = YES;
				GCC_WARN_UNUSED_VARIABLE = YES;
				IPHONEOS_DEPLOYMENT_TARGET = 13.0;
				MTL_ENABLE_DEBUG_INFO = NO;
				MTL_FAST_MATH = YES;
				SDKROOT = iphoneos;
				SWIFT_COMPILATION_MODE = wholemodule;
				SWIFT_OPTIMIZATION_LEVEL = "-O";
				VALIDATE_PRODUCT = YES;
			};
			name = Release;
		};
		6E7B32A7238AA485001A4C58 /* Debug */ = {
			isa = XCBuildConfiguration;
			buildSettings = {
				ASSETCATALOG_COMPILER_APPICON_NAME = AppIcon;
				CODE_SIGN_STYLE = Automatic;
				DEVELOPMENT_TEAM = K3HN8YB79D;
				INFOPLIST_FILE = TestViperLogin/Info.plist;
				LD_RUNPATH_SEARCH_PATHS = (
					"$(inherited)",
					"@executable_path/Frameworks",
				);
				PRODUCT_BUNDLE_IDENTIFIER = com.agadu.TestViperLogin;
				PRODUCT_NAME = "$(TARGET_NAME)";
				SWIFT_VERSION = 5.0;
				TARGETED_DEVICE_FAMILY = "1,2";
			};
			name = Debug;
		};
		6E7B32A8238AA485001A4C58 /* Release */ = {
			isa = XCBuildConfiguration;
			buildSettings = {
				ASSETCATALOG_COMPILER_APPICON_NAME = AppIcon;
				CODE_SIGN_STYLE = Automatic;
				DEVELOPMENT_TEAM = K3HN8YB79D;
				INFOPLIST_FILE = TestViperLogin/Info.plist;
				LD_RUNPATH_SEARCH_PATHS = (
					"$(inherited)",
					"@executable_path/Frameworks",
				);
				PRODUCT_BUNDLE_IDENTIFIER = com.agadu.TestViperLogin;
				PRODUCT_NAME = "$(TARGET_NAME)";
				SWIFT_VERSION = 5.0;
				TARGETED_DEVICE_FAMILY = "1,2";
			};
			name = Release;
		};
/* End XCBuildConfiguration section */

/* Begin XCConfigurationList section */
		6E7B328D238AA47E001A4C58 /* Build configuration list for PBXProject "TestViperLogin" */ = {
			isa = XCConfigurationList;
			buildConfigurations = (
				6E7B32A4238AA485001A4C58 /* Debug */,
				6E7B32A5238AA485001A4C58 /* Release */,
			);
			defaultConfigurationIsVisible = 0;
			defaultConfigurationName = Release;
		};
		6E7B32A6238AA485001A4C58 /* Build configuration list for PBXNativeTarget "TestViperLogin" */ = {
			isa = XCConfigurationList;
			buildConfigurations = (
				6E7B32A7238AA485001A4C58 /* Debug */,
				6E7B32A8238AA485001A4C58 /* Release */,
			);
			defaultConfigurationIsVisible = 0;
			defaultConfigurationName = Release;
		};
/* End XCConfigurationList section */
	};
	rootObject = 6E7B328A238AA47E001A4C58 /* Project object */;
}
